
Microsoft Visual Studio Solution File, Format Version 12.00
# Visual Studio Version 16
VisualStudioVersion = 16.0.32602.291
MinimumVisualStudioVersion = 10.0.40219.1
Project("{FAE04EC0-301F-11D3-BF4B-00C04F79EFBC}") = "Calc2", "Calc2\Calc2.csproj", "{AEABD0ED-A799-4644-BAAA-087A991FD6A6}"
EndProject
Global
	GlobalSection(SolutionConfigurationPlatforms) = preSolution
		Debug|Any CPU = Debug|Any CPU
		Release|Any CPU = Release|Any CPU
	EndGlobalSection
	GlobalSection(ProjectConfigurationPlatforms) = postSolution
		{AEABD0ED-A799-4644-BAAA-087A991FD6A6}.Debug|Any CPU.ActiveCfg = Debug|Any CPU
		{AEABD0ED-A799-4644-BAAA-087A991FD6A6}.Debug|Any CPU.Build.0 = Debug|Any CPU
		{AEABD0ED-A799-4644-BAAA-087A991FD6A6}.Release|Any CPU.ActiveCfg = Release|Any CPU
		{AEABD0ED-A799-4644-BAAA-087A991FD6A6}.Release|Any CPU.Build.0 = Release|Any CPU
	EndGlobalSection
	GlobalSection(SolutionProperties) = preSolution
		HideSolutionNode = FALSE
	EndGlobalSection
	GlobalSection(ExtensibilityGlobals) = postSolution
		SolutionGuid = {48C60755-F025-4B72-A4BD-EED21A2E478B}
	EndGlobalSection
EndGlobal
